
Microsoft Visual Studio Solution File, Format Version 12.00
# Visual Studio Version 17
VisualStudioVersion = 17.3.32611.2
MinimumVisualStudioVersion = 10.0.40219.1
Project("{FAE04EC0-301F-11D3-BF4B-00C04F79EFBC}") = "MinesweeperGame", "MinesweeperGame\MinesweeperGame.csproj", "{CC2ECB2D-05F5-45AF-BDF6-9BB5F1D24D66}"
EndProject
Global
	GlobalSection(SolutionConfigurationPlatforms) = preSolution
		Debug|Any CPU = Debug|Any CPU
		Release|Any CPU = Release|Any CPU
	EndGlobalSection
	GlobalSection(ProjectConfigurationPlatforms) = postSolution
		{CC2ECB2D-05F5-45AF-BDF6-9BB5F1D24D66}.Debug|Any CPU.ActiveCfg = Debug|Any CPU
		{CC2ECB2D-05F5-45AF-BDF6-9BB5F1D24D66}.Debug|Any CPU.Build.0 = Debug|Any CPU
		{CC2ECB2D-05F5-45AF-BDF6-9BB5F1D24D66}.Release|Any CPU.ActiveCfg = Release|Any CPU
		{CC2ECB2D-05F5-45AF-BDF6-9BB5F1D24D66}.Release|Any CPU.Build.0 = Release|Any CPU
	EndGlobalSection
	GlobalSection(SolutionProperties) = preSolution
		HideSolutionNode = FALSE
	EndGlobalSection
	GlobalSection(ExtensibilityGlobals) = postSolution
		SolutionGuid = {4E09A7D6-960E-4C31-A307-7E68A2EFF760}
	EndGlobalSection
EndGlobal
